{
    "_meta": {
        "hash": {
            "sha256": "b7872b3dd78dfc30b11487aef0a92d0c99fa2b8c9f5c292c765fc31f326be606"
        },
        "pipfile-spec": 6,
        "requires": {
            "python_version": "==3.8"
        },
        "sources": [
            {
                "name": "pypi",
                "url": "https://pypi.org/simple",
                "verify_ssl": true
            }
        ]
    },
    "default": {
        "absl-py": {
            "hashes": [
                "sha256:75e737d6ce7723d9ff9b7aa1ba3233c34be62ef18d5859e706b8fdc828989830"
            ],
            "index": "pypi",
            "version": "==0.9.0"
        },
        "certifi": {
            "hashes": [
                "sha256:1d987a998c75633c40847cc966fcf5904906c920a7f17ef374f5aa4282abd304",
                "sha256:51fcb31174be6e6664c5f69e3e1691a2d72a1a12e90f872cbdb1567eb47b6519"
            ],
            "version": "==2020.4.5.1"
        },
        "chardet": {
            "hashes": [
                "sha256:84ab92ed1c4d4f16916e05906b6b75a6c0fb5db821cc65e70cbd64a3e2a5eaae",
                "sha256:fc323ffcaeaed0e0a02bf4d117757b98aed530d9ed4531e3e15460124c106691"
            ],
            "version": "==3.0.4"
        },
        "click": {
            "hashes": [
                "sha256:d2b5255c7c6349bc1bd1e59e08cd12acbbd63ce649f2588755783aa94dfb6b1a",
                "sha256:dacca89f4bfadd5de3d7489b7c8a566eee0d3676333fbb50030263894c38c0dc"
            ],
            "version": "==7.1.2"
        },
        "flask": {
            "hashes": [
                "sha256:13f9f196f330c7c2c5d7a5cf91af894110ca0215ac051b5844701f2bfd934d52",
                "sha256:45eb5a6fd193d6cf7e0cf5d8a5b31f83d5faae0293695626f539a823e93b13f6"
            ],
            "index": "pypi",
            "version": "==1.1.1"
        },
        "idna": {
            "hashes": [
                "sha256:c357b3f628cf53ae2c4c05627ecc484553142ca23264e593d327bcde5e9c3407",
                "sha256:ea8b7f6188e6fa117537c3df7da9fc686d485087abf6ac197f9c46432f7e4a3c"
            ],
            "version": "==2.8"
        },
        "itsdangerous": {
            "hashes": [
                "sha256:321b033d07f2a4136d3ec762eac9f16a10ccd60f53c0c91af90217ace7ba1f19",
                "sha256:b12271b2047cb23eeb98c8b5622e2e5c5e9abd9784a153e9d8ef9cb4dd09d749"
            ],
            "version": "==1.1.0"
        },
        "jaconv": {
            "hashes": [
                "sha256:2ccdf768da20d55f30e8801e5e2e27783aae1bb29b890e503e1124134d6d09c9"
            ],
            "index": "pypi",
            "version": "==0.2.4"
        },
        "jinja2": {
            "hashes": [
                "sha256:89aab215427ef59c34ad58735269eb58b1a5808103067f7bb9d5836c651b3bb0",
                "sha256:f0a4641d3cf955324a89c04f3d94663aa4d638abe8f733ecd3582848e1c37035"
            ],
            "version": "==2.11.2"
        },
        "markupsafe": {
            "hashes": [
                "sha256:00bc623926325b26bb9605ae9eae8a215691f33cae5df11ca5424f06f2d1f473",
                "sha256:09027a7803a62ca78792ad89403b1b7a73a01c8cb65909cd876f7fcebd79b161",
                "sha256:09c4b7f37d6c648cb13f9230d847adf22f8171b1ccc4d5682398e77f40309235",
                "sha256:1027c282dad077d0bae18be6794e6b6b8c91d58ed8a8d89a89d59693b9131db5",
                "sha256:13d3144e1e340870b25e7b10b98d779608c02016d5184cfb9927a9f10c689f42",
                "sha256:24982cc2533820871eba85ba648cd53d8623687ff11cbb805be4ff7b4c971aff",
                "sha256:29872e92839765e546828bb7754a68c418d927cd064fd4708fab9fe9c8bb116b",
                "sha256:43a55c2930bbc139570ac2452adf3d70cdbb3cfe5912c71cdce1c2c6bbd9c5d1",
                "sha256:46c99d2de99945ec5cb54f23c8cd5689f6d7177305ebff350a58ce5f8de1669e",
                "sha256:500d4957e52ddc3351cabf489e79c91c17f6e0899158447047588650b5e69183",
                "sha256:535f6fc4d397c1563d08b88e485c3496cf5784e927af890fb3c3aac7f933ec66",
                "sha256:596510de112c685489095da617b5bcbbac7dd6384aeebeda4df6025d0256a81b",
                "sha256:62fe6c95e3ec8a7fad637b7f3d372c15ec1caa01ab47926cfdf7a75b40e0eac1",
                "sha256:6788b695d50a51edb699cb55e35487e430fa21f1ed838122d722e0ff0ac5ba15",
                "sha256:6dd73240d2af64df90aa7c4e7481e23825ea70af4b4922f8ede5b9e35f78a3b1",
                "sha256:717ba8fe3ae9cc0006d7c451f0bb265ee07739daf76355d06366154ee68d221e",
                "sha256:79855e1c5b8da654cf486b830bd42c06e8780cea587384cf6545b7d9ac013a0b",
                "sha256:7c1699dfe0cf8ff607dbdcc1e9b9af1755371f92a68f706051cc8c37d447c905",
                "sha256:88e5fcfb52ee7b911e8bb6d6aa2fd21fbecc674eadd44118a9cc3863f938e735",
                "sha256:8defac2f2ccd6805ebf65f5eeb132adcf2ab57aa11fdf4c0dd5169a004710e7d",
                "sha256:98c7086708b163d425c67c7a91bad6e466bb99d797aa64f965e9d25c12111a5e",
                "sha256:9add70b36c5666a2ed02b43b335fe19002ee5235efd4b8a89bfcf9005bebac0d",
                "sha256:9bf40443012702a1d2070043cb6291650a0841ece432556f784f004937f0f32c",
                "sha256:ade5e387d2ad0d7ebf59146cc00c8044acbd863725f887353a10df825fc8ae21",
                "sha256:b00c1de48212e4cc9603895652c5c410df699856a2853135b3967591e4beebc2",
                "sha256:b1282f8c00509d99fef04d8ba936b156d419be841854fe901d8ae224c59f0be5",
                "sha256:b2051432115498d3562c084a49bba65d97cf251f5a331c64a12ee7e04dacc51b",
                "sha256:ba59edeaa2fc6114428f1637ffff42da1e311e29382d81b339c1817d37ec93c6",
                "sha256:c8716a48d94b06bb3b2524c2b77e055fb313aeb4ea620c8dd03a105574ba704f",
                "sha256:cd5df75523866410809ca100dc9681e301e3c27567cf498077e8551b6d20e42f",
                "sha256:cdb132fc825c38e1aeec2c8aa9338310d29d337bebbd7baa06889d09a60a1fa2",
                "sha256:e249096428b3ae81b08327a63a485ad0878de3fb939049038579ac0ef61e17e7",
                "sha256:e8313f01ba26fbbe36c7be1966a7b7424942f670f38e666995b88d012765b9be"
            ],
            "version": "==1.1.1"
        },
        "mecab-python3": {
            "hashes": [
                "sha256:0758c4e428c9eda01b14f2e93b4b48055264c4044c43992a8421bfd2a27d9ae0",
                "sha256:0e309f7f55c608b66c5dbd9a1e62f2686e9ff0923a5f1c28406985c4d8a80549",
                "sha256:1af08a46774ac219bf93cc0c52d87d5cbcce9f4c3abba6b14c374f81ebc718c5",
                "sha256:1bfe39e3c6a5be7bf54d36fcc14c5938fc831960507f9d7337cd2cc0e8de07d3",
                "sha256:2d066afe09a95716facf60a673f538257f595a282beb1e021d1b495f995ee70e",
                "sha256:304ee365de78cf9c48373122bb68a5f2c2cb60c9d058a690b3cdaf1059d4c91c",
                "sha256:3187479c79151f384f44c0d12a87305bfab94bef90183bd6db0bcd44c2c3374b",
                "sha256:32864543977281dcbb52f54e42d9fd060c9d869874d49806bbee5a0ff689e665",
                "sha256:3f2a591460f28faf27318961c49e70b9e464a283c8184a677bdddc70aa8835b6",
                "sha256:429c92effeb46336e994b2d4b29a8b9e57ff947df55fd5b8042315fdb50d573a",
                "sha256:4732677c74dae291587d930d307bfd92776a198cbb1ea2836ede652180c9dbd1",
                "sha256:47ba0cf7b5b03137ba7b3998a6fe82da1407ac577016df10b6da7f1979dfb0ca",
                "sha256:4fb35dd2486b3d8b1868cfa8e1772e195c26a90b02f2509e4b61e11fd846b442",
                "sha256:52aa68cb5bbf993d3862feb9c477f230ed27c4cfc8e3fa3388419561cd02ffcb",
                "sha256:52e5eb828d42f4cdd41eb3e689d6130d06a3576fee067e04c40566c7ce09ba1b",
                "sha256:5864b6e55796e982fba8a8bb073f97893cbe2c55481692d83e6bd1ad60125585",
                "sha256:6ddf32a2e0bda7628f0f57ded67be4601a31ffbca6524e328bec3ef098abff10",
                "sha256:730898c5e55f6a5f894251603afd44ebfdbe7ddec00113c233ef1b9c91b8690a",
                "sha256:8d13b2732b3951a0defaa56acd628d1d83f123fdafee4f40701e001a66717a85",
                "sha256:92019635b0686a6aa30f4d908155696077abe8848203e102ae7befab0b96b9ea",
                "sha256:9af5050a093172123be6eedf65f263fb936885c5c200b1808cb1d2f15a59e871",
                "sha256:b33f212afff92fc292a8b20ab82d2fbc9a4d2f6fbe6dd96e9104ef3cf1150944",
                "sha256:b80cb1af8b7c3e8d5e88fd7b5511e8ad630717f81e9117685613b10216c0f648",
                "sha256:bd8bce5251153199acb3aff72d22954801ef3c46a37b4ee17de5e32c37388f58",
                "sha256:e07f3ff74185d286a138258b7d7f01877ddad2338c8177bd579a580f0c589abc",
                "sha256:e2118906bbdfd17d002c4eab649a71c9635de175728933c2a226fd8533d13ff7",
                "sha256:e7f09caf136903ce908b8b001ffc178d6caa129c1550d47d8f7f733a213749a8",
                "sha256:ec6e3872b716eff99a0b3cad1079eeb16a5efdcf6dd48727e3372345a0d0d124",
                "sha256:f256a1dec3d6bea8cf9b6fd77b345903acf978c07c592c0dc470d20398693da8"
            ],
            "index": "pypi",
            "version": "==0.996.5"
        },
        "requests": {
            "hashes": [
                "sha256:11e007a8a2aa0323f5a921e9e6a2d7e4e67d9877e85773fba9ba6419025cbeb4",
                "sha256:9cf5292fcd0f598c671cfc1e0d7d1a7f13bb8085e9a590f48c010551dc6c4b31"
            ],
            "index": "pypi",
            "version": "==2.22.0"
        },
        "six": {
            "hashes": [
                "sha256:30639c035cdb23534cd4aa2dd52c3bf48f06e5f4a941509c8bafd8ce11080259",
                "sha256:8b74bedcbbbaca38ff6d7491d76f2b06b3592611af620f8426e82dddb04a5ced"
            ],
            "version": "==1.15.0"
        },
        "urllib3": {
            "hashes": [
                "sha256:3018294ebefce6572a474f0604c2021e33b3fd8006ecd11d62107a5d2a963527",
                "sha256:88206b0eb87e6d677d424843ac5209e3fb9d0190d0ee169599165ec25e9d9115"
            ],
            "version": "==1.25.9"
        },
        "werkzeug": {
            "hashes": [
                "sha256:2de2a5db0baeae7b2d2664949077c2ac63fbd16d98da0ff71837f7d1dea3fd43",
                "sha256:6c80b1e5ad3665290ea39320b91e1be1e0d5f60652b964a3070216de83d2e47c"
            ],
            "version": "==1.0.1"
        }
    },
    "develop": {
        "appnope": {
            "hashes": [
                "sha256:5b26757dc6f79a3b7dc9fab95359328d5747fcb2409d331ea66d0272b90ab2a0",
                "sha256:8b995ffe925347a2138d7ac0fe77155e4311a0ea6d6da4f5128fe4b3cbe5ed71"
            ],
            "markers": "sys_platform == 'darwin'",
            "version": "==0.1.0"
        },
        "backcall": {
            "hashes": [
                "sha256:38ecd85be2c1e78f77fd91700c76e14667dc21e2713b63876c0eb901196e01e4",
                "sha256:bbbf4b1e5cd2bdb08f915895b51081c041bac22394fdfcfdfbe9f14b77c08bf2"
            ],
            "version": "==0.1.0"
        },
        "decorator": {
            "hashes": [
                "sha256:41fa54c2a0cc4ba648be4fd43cff00aedf5b9465c9bf18d64325bc225f08f760",
                "sha256:e3a62f0520172440ca0dcc823749319382e377f37f140a0b99ef45fecb84bfe7"
            ],
            "version": "==4.4.2"
        },
        "ipython": {
            "hashes": [
                "sha256:190a279bd3d4fc585a611e9358a88f1048cc57fd688254a86f9461889ee152a6",
                "sha256:762d79a62b6aa96b04971e920543f558dfbeedc0468b899303c080c8068d4ac2"
            ],
            "index": "pypi",
            "version": "==7.10.2"
        },
        "ipython-genutils": {
            "hashes": [
                "sha256:72dd37233799e619666c9f639a9da83c34013a73e8bbc79a7a6348d93c61fab8",
                "sha256:eb2e116e75ecef9d4d228fdc66af54269afa26ab4463042e33785b887c628ba8"
            ],
            "version": "==0.2.0"
        },
        "jedi": {
            "hashes": [
                "sha256:cd60c93b71944d628ccac47df9a60fec53150de53d42dc10a7fc4b5ba6aae798",
                "sha256:df40c97641cb943661d2db4c33c2e1ff75d491189423249e989bcea4464f3030"
            ],
            "version": "==0.17.0"
        },
        "parameterized": {
            "hashes": [
                "sha256:6a94dbea30c6abde99fd4c2f2042c1bf7f980e48908bf92ead62394f93cf57ed",
                "sha256:ea0326ba5bbbe7c427329a27b75003410df07d1173ca254976f8f5a64922c322"
            ],
            "index": "pypi",
            "version": "==0.7.1"
        },
        "parso": {
            "hashes": [
                "sha256:158c140fc04112dc45bca311633ae5033c2c2a7b732fa33d0955bad8152a8dd0",
                "sha256:908e9fae2144a076d72ae4e25539143d40b8e3eafbaeae03c1bfe226f4cdf12c"
            ],
            "version": "==0.7.0"
        },
        "pexpect": {
            "hashes": [
                "sha256:0b48a55dcb3c05f3329815901ea4fc1537514d6ba867a152b581d69ae3710937",
                "sha256:fc65a43959d153d0114afe13997d439c22823a27cefceb5ff35c2178c6784c0c"
            ],
            "markers": "sys_platform != 'win32'",
            "version": "==4.8.0"
        },
        "pickleshare": {
            "hashes": [
                "sha256:87683d47965c1da65cdacaf31c8441d12b8044cdec9aca500cd78fc2c683afca",
                "sha256:9649af414d74d4df115d5d718f82acb59c9d418196b7b4290ed47a12ce62df56"
            ],
            "version": "==0.7.5"
        },
        "prompt-toolkit": {
            "hashes": [
                "sha256:563d1a4140b63ff9dd587bda9557cffb2fe73650205ab6f4383092fb882e7dc8",
                "sha256:df7e9e63aea609b1da3a65641ceaf5bc7d05e0a04de5bd45d05dbeffbabf9e04"
            ],
            "version": "==3.0.5"
        },
        "ptyprocess": {
            "hashes": [
                "sha256:923f299cc5ad920c68f2bc0bc98b75b9f838b93b599941a6b63ddbc2476394c0",
                "sha256:d7cc528d76e76342423ca640335bd3633420dc1366f258cb31d05e865ef5ca1f"
            ],
            "version": "==0.6.0"
        },
        "pygments": {
            "hashes": [
                "sha256:647344a061c249a3b74e230c739f434d7ea4d8b1d5f3721bc0f3558049b38f44",
                "sha256:ff7a40b4860b727ab48fad6360eb351cc1b33cbf9b15a0f689ca5353e9463324"
            ],
            "version": "==2.6.1"
        },
        "six": {
            "hashes": [
                "sha256:30639c035cdb23534cd4aa2dd52c3bf48f06e5f4a941509c8bafd8ce11080259",
                "sha256:8b74bedcbbbaca38ff6d7491d76f2b06b3592611af620f8426e82dddb04a5ced"
            ],
            "version": "==1.15.0"
        },
        "traitlets": {
            "hashes": [
                "sha256:70b4c6a1d9019d7b4f6846832288f86998aa3b9207c6821f3578a6a6a467fe44",
                "sha256:d023ee369ddd2763310e4c3eae1ff649689440d4ae59d7485eb4cfbbe3e359f7"
            ],
            "version": "==4.3.3"
        },
        "wcwidth": {
            "hashes": [
                "sha256:980fbf4f3c196c0f329cdcd1e84c554d6a211f18e252e525a0cf4223154a41d6",
                "sha256:edbc2b718b4db6cdf393eefe3a420183947d6aa312505ce6754516f458ff8830"
            ],
            "version": "==0.2.3"
        }
    }
}
